// !$*UTF8*$!
{
	archiveVersion = 1;
	classes = {
	};
	objectVersion = 50;
	objects = {

/* Begin PBXBuildFile section */
		3CF8C6D8211937C3009923BE /* AppDelegate.m in Sources */ = {isa = PBXBuildFile; fileRef = 3CF8C6D7211937C3009923BE /* AppDelegate.m */; };
		3CF8C6DB211937C3009923BE /* ViewController.m in Sources */ = {isa = PBXBuildFile; fileRef = 3CF8C6DA211937C3009923BE /* ViewController.m */; };
		3CF8C6DE211937C3009923BE /* Main.storyboard in Resources */ = {isa = PBXBuildFile; fileRef = 3CF8C6DC211937C3009923BE /* Main.storyboard */; };
		3CF8C6E0211937C6009923BE /* Assets.xcassets in Resources */ = {isa = PBXBuildFile; fileRef = 3CF8C6DF211937C6009923BE /* Assets.xcassets */; };
		3CF8C6E3211937C6009923BE /* LaunchScreen.storyboard in Resources */ = {isa = PBXBuildFile; fileRef = 3CF8C6E1211937C6009923BE /* LaunchScreen.storyboard */; };
		3CF8C6E6211937C6009923BE /* main.m in Sources */ = {isa = PBXBuildFile; fileRef = 3CF8C6E5211937C6009923BE /* main.m */; };
		3CF8C6F0211937C6009923BE /* HYNAlbumPickerTests.m in Sources */ = {isa = PBXBuildFile; fileRef = 3CF8C6EF211937C6009923BE /* HYNAlbumPickerTests.m */; };
		3CF8C6FB211937C6009923BE /* HYNAlbumPickerUITests.m in Sources */ = {isa = PBXBuildFile; fileRef = 3CF8C6FA211937C6009923BE /* HYNAlbumPickerUITests.m */; };
		3CF8C70E21194731009923BE /* HYNAlbum.m in Sources */ = {isa = PBXBuildFile; fileRef = 3CF8C70D21194731009923BE /* HYNAlbum.m */; };
		3CF8C71121194768009923BE /* HYNAlbumModel.m in Sources */ = {isa = PBXBuildFile; fileRef = 3CF8C71021194768009923BE /* HYNAlbumModel.m */; };
		3CF8C71421194782009923BE /* HYNDelegateDataSource.m in Sources */ = {isa = PBXBuildFile; fileRef = 3CF8C71321194782009923BE /* HYNDelegateDataSource.m */; };
		3CF8C71A21194806009923BE /* HYNAlbumCell.m in Sources */ = {isa = PBXBuildFile; fileRef = 3CF8C71921194806009923BE /* HYNAlbumCell.m */; };
		3CF8C71D21194827009923BE /* HYNAssetPreviewItem.m in Sources */ = {isa = PBXBuildFile; fileRef = 3CF8C71C21194827009923BE /* HYNAssetPreviewItem.m */; };
		3CF8C72021194847009923BE /* HYNAssetPreviewView.m in Sources */ = {isa = PBXBuildFile; fileRef = 3CF8C71F21194847009923BE /* HYNAssetPreviewView.m */; };
		3CF8C72321194865009923BE /* HYNPickerButtomView.m in Sources */ = {isa = PBXBuildFile; fileRef = 3CF8C72221194865009923BE /* HYNPickerButtomView.m */; };
		3CF8C7262119489D009923BE /* HYNAlbumCatalogViewController.m in Sources */ = {isa = PBXBuildFile; fileRef = 3CF8C7252119489D009923BE /* HYNAlbumCatalogViewController.m */; };
		3CF8C729211948D1009923BE /* HYNAlbumCatalogCell.m in Sources */ = {isa = PBXBuildFile; fileRef = 3CF8C728211948D1009923BE /* HYNAlbumCatalogCell.m */; };
		3CF8C72C211948FF009923BE /* HYNAlbumPickerViewController.m in Sources */ = {isa = PBXBuildFile; fileRef = 3CF8C72B211948FF009923BE /* HYNAlbumPickerViewController.m */; };
		3CF8C72F21194CC4009923BE /* HYNNavigationController.m in Sources */ = {isa = PBXBuildFile; fileRef = 3CF8C72E21194CC4009923BE /* HYNNavigationController.m */; };
		3CF8C73221196991009923BE /* AssetsLibrary.framework in Frameworks */ = {isa = PBXBuildFile; fileRef = 3CF8C73121196990009923BE /* AssetsLibrary.framework */; };
		3CF8C73521196AC2009923BE /* AssetsLibrary.framework in Frameworks */ = {isa = PBXBuildFile; fileRef = 3CF8C73421196AC2009923BE /* AssetsLibrary.framework */; };
		3CF8C73721196BD2009923BE /* AlbumPicker.bundle in Resources */ = {isa = PBXBuildFile; fileRef = 3CF8C73621196BD2009923BE /* AlbumPicker.bundle */; };
		3CF8C73A21197859009923BE /* HYNAssetPreviewViewController.m in Sources */ = {isa = PBXBuildFile; fileRef = 3CF8C73921197859009923BE /* HYNAssetPreviewViewController.m */; };
		3CF8C73E211997E3009923BE /* back_01@2x.png in Resources */ = {isa = PBXBuildFile; fileRef = 3CF8C73C211997E3009923BE /* back_01@2x.png */; };
		3CF8C73F211997E3009923BE /* more.png in Resources */ = {isa = PBXBuildFile; fileRef = 3CF8C73D211997E3009923BE /* more.png */; };
		3CF8C7422119994D009923BE /* select_04@2x.png in Resources */ = {isa = PBXBuildFile; fileRef = 3CF8C7402119994D009923BE /* select_04@2x.png */; };
		3CF8C7432119994D009923BE /* table_UnSelect@2x.png in Resources */ = {isa = PBXBuildFile; fileRef = 3CF8C7412119994D009923BE /* table_UnSelect@2x.png */; };
/* End PBXBuildFile section */

/* Begin PBXContainerItemProxy section */
		3CF8C6EC211937C6009923BE /* PBXContainerItemProxy */ = {
			isa = PBXContainerItemProxy;
			containerPortal = 3CF8C6CB211937C3009923BE /* Project object */;
			proxyType = 1;
			remoteGlobalIDString = 3CF8C6D2211937C3009923BE;
			remoteInfo = HYNAlbumPicker;
		};
		3CF8C6F7211937C6009923BE /* PBXContainerItemProxy */ = {
			isa = PBXContainerItemProxy;
			containerPortal = 3CF8C6CB211937C3009923BE /* Project object */;
			proxyType = 1;
			remoteGlobalIDString = 3CF8C6D2211937C3009923BE;
			remoteInfo = HYNAlbumPicker;
		};
/* End PBXContainerItemProxy section */

/* Begin PBXFileReference section */
		3CF8C6D3211937C3009923BE /* HYNAlbumPicker.app */ = {isa = PBXFileReference; explicitFileType = wrapper.application; includeInIndex = 0; path = HYNAlbumPicker.app; sourceTree = BUILT_PRODUCTS_DIR; };
		3CF8C6D6211937C3009923BE /* AppDelegate.h */ = {isa = PBXFileReference; lastKnownFileType = sourcecode.c.h; path = AppDelegate.h; sourceTree = "<group>"; };
		3CF8C6D7211937C3009923BE /* AppDelegate.m */ = {isa = PBXFileReference; lastKnownFileType = sourcecode.c.objc; path = AppDelegate.m; sourceTree = "<group>"; };
		3CF8C6D9211937C3009923BE /* ViewController.h */ = {isa = PBXFileReference; lastKnownFileType = sourcecode.c.h; path = ViewController.h; sourceTree = "<group>"; };
		3CF8C6DA211937C3009923BE /* ViewController.m */ = {isa = PBXFileReference; lastKnownFileType = sourcecode.c.objc; path = ViewController.m; sourceTree = "<group>"; };
		3CF8C6DD211937C3009923BE /* Base */ = {isa = PBXFileReference; lastKnownFileType = file.storyboard; name = Base; path = Base.lproj/Main.storyboard; sourceTree = "<group>"; };
		3CF8C6DF211937C6009923BE /* Assets.xcassets */ = {isa = PBXFileReference; lastKnownFileType = folder.assetcatalog; path = Assets.xcassets; sourceTree = "<group>"; };
		3CF8C6E2211937C6009923BE /* Base */ = {isa = PBXFileReference; lastKnownFileType = file.storyboard; name = Base; path = Base.lproj/LaunchScreen.storyboard; sourceTree = "<group>"; };
		3CF8C6E4211937C6009923BE /* Info.plist */ = {isa = PBXFileReference; lastKnownFileType = text.plist.xml; path = Info.plist; sourceTree = "<group>"; };
		3CF8C6E5211937C6009923BE /* main.m */ = {isa = PBXFileReference; lastKnownFileType = sourcecode.c.objc; path = main.m; sourceTree = "<group>"; };
		3CF8C6EB211937C6009923BE /* HYNAlbumPickerTests.xctest */ = {isa = PBXFileReference; explicitFileType = wrapper.cfbundle; includeInIndex = 0; path = HYNAlbumPickerTests.xctest; sourceTree = BUILT_PRODUCTS_DIR; };
		3CF8C6EF211937C6009923BE /* HYNAlbumPickerTests.m */ = {isa = PBXFileReference; lastKnownFileType = sourcecode.c.objc; path = HYNAlbumPickerTests.m; sourceTree = "<group>"; };
		3CF8C6F1211937C6009923BE /* Info.plist */ = {isa = PBXFileReference; lastKnownFileType = text.plist.xml; path = Info.plist; sourceTree = "<group>"; };
		3CF8C6F6211937C6009923BE /* HYNAlbumPickerUITests.xctest */ = {isa = PBXFileReference; explicitFileType = wrapper.cfbundle; includeInIndex = 0; path = HYNAlbumPickerUITests.xctest; sourceTree = BUILT_PRODUCTS_DIR; };
		3CF8C6FA211937C6009923BE /* HYNAlbumPickerUITests.m */ = {isa = PBXFileReference; lastKnownFileType = sourcecode.c.objc; path = HYNAlbumPickerUITests.m; sourceTree = "<group>"; };
		3CF8C6FC211937C6009923BE /* Info.plist */ = {isa = PBXFileReference; lastKnownFileType = text.plist.xml; path = Info.plist; sourceTree = "<group>"; };
		3CF8C70C21194731009923BE /* HYNAlbum.h */ = {isa = PBXFileReference; lastKnownFileType = sourcecode.c.h; path = HYNAlbum.h; sourceTree = "<group>"; };
		3CF8C70D21194731009923BE /* HYNAlbum.m */ = {isa = PBXFileReference; lastKnownFileType = sourcecode.c.objc; path = HYNAlbum.m; sourceTree = "<group>"; };
		3CF8C70F21194768009923BE /* HYNAlbumModel.h */ = {isa = PBXFileReference; lastKnownFileType = sourcecode.c.h; path = HYNAlbumModel.h; sourceTree = "<group>"; };
		3CF8C71021194768009923BE /* HYNAlbumModel.m */ = {isa = PBXFileReference; lastKnownFileType = sourcecode.c.objc; path = HYNAlbumModel.m; sourceTree = "<group>"; };
		3CF8C71221194782009923BE /* HYNDelegateDataSource.h */ = {isa = PBXFileReference; lastKnownFileType = sourcecode.c.h; path = HYNDelegateDataSource.h; sourceTree = "<group>"; };
		3CF8C71321194782009923BE /* HYNDelegateDataSource.m */ = {isa = PBXFileReference; lastKnownFileType = sourcecode.c.objc; path = HYNDelegateDataSource.m; sourceTree = "<group>"; };
		3CF8C71821194806009923BE /* HYNAlbumCell.h */ = {isa = PBXFileReference; lastKnownFileType = sourcecode.c.h; path = HYNAlbumCell.h; sourceTree = "<group>"; };
		3CF8C71921194806009923BE /* HYNAlbumCell.m */ = {isa = PBXFileReference; lastKnownFileType = sourcecode.c.objc; path = HYNAlbumCell.m; sourceTree = "<group>"; };
		3CF8C71B21194827009923BE /* HYNAssetPreviewItem.h */ = {isa = PBXFileReference; lastKnownFileType = sourcecode.c.h; path = HYNAssetPreviewItem.h; sourceTree = "<group>"; };
		3CF8C71C21194827009923BE /* HYNAssetPreviewItem.m */ = {isa = PBXFileReference; lastKnownFileType = sourcecode.c.objc; path = HYNAssetPreviewItem.m; sourceTree = "<group>"; };
		3CF8C71E21194847009923BE /* HYNAssetPreviewView.h */ = {isa = PBXFileReference; lastKnownFileType = sourcecode.c.h; path = HYNAssetPreviewView.h; sourceTree = "<group>"; };
		3CF8C71F21194847009923BE /* HYNAssetPreviewView.m */ = {isa = PBXFileReference; lastKnownFileType = sourcecode.c.objc; path = HYNAssetPreviewView.m; sourceTree = "<group>"; };
		3CF8C72121194865009923BE /* HYNPickerButtomView.h */ = {isa = PBXFileReference; lastKnownFileType = sourcecode.c.h; path = HYNPickerButtomView.h; sourceTree = "<group>"; };
		3CF8C72221194865009923BE /* HYNPickerButtomView.m */ = {isa = PBXFileReference; lastKnownFileType = sourcecode.c.objc; path = HYNPickerButtomView.m; sourceTree = "<group>"; };
		3CF8C7242119489D009923BE /* HYNAlbumCatalogViewController.h */ = {isa = PBXFileReference; lastKnownFileType = sourcecode.c.h; path = HYNAlbumCatalogViewController.h; sourceTree = "<group>"; };
		3CF8C7252119489D009923BE /* HYNAlbumCatalogViewController.m */ = {isa = PBXFileReference; lastKnownFileType = sourcecode.c.objc; path = HYNAlbumCatalogViewController.m; sourceTree = "<group>"; };
		3CF8C727211948D1009923BE /* HYNAlbumCatalogCell.h */ = {isa = PBXFileReference; lastKnownFileType = sourcecode.c.h; path = HYNAlbumCatalogCell.h; sourceTree = "<group>"; };
		3CF8C728211948D1009923BE /* HYNAlbumCatalogCell.m */ = {isa = PBXFileReference; lastKnownFileType = sourcecode.c.objc; path = HYNAlbumCatalogCell.m; sourceTree = "<group>"; };
		3CF8C72A211948FF009923BE /* HYNAlbumPickerViewController.h */ = {isa = PBXFileReference; lastKnownFileType = sourcecode.c.h; path = HYNAlbumPickerViewController.h; sourceTree = "<group>"; };
		3CF8C72B211948FF009923BE /* HYNAlbumPickerViewController.m */ = {isa = PBXFileReference; lastKnownFileType = sourcecode.c.objc; path = HYNAlbumPickerViewController.m; sourceTree = "<group>"; };
		3CF8C72D21194CC4009923BE /* HYNNavigationController.h */ = {isa = PBXFileReference; lastKnownFileType = sourcecode.c.h; path = HYNNavigationController.h; sourceTree = "<group>"; };
		3CF8C72E21194CC4009923BE /* HYNNavigationController.m */ = {isa = PBXFileReference; lastKnownFileType = sourcecode.c.objc; path = HYNNavigationController.m; sourceTree = "<group>"; };
		3CF8C73121196990009923BE /* AssetsLibrary.framework */ = {isa = PBXFileReference; lastKnownFileType = wrapper.framework; name = AssetsLibrary.framework; path = System/Library/Frameworks/AssetsLibrary.framework; sourceTree = SDKROOT; };
		3CF8C73421196AC2009923BE /* AssetsLibrary.framework */ = {isa = PBXFileReference; lastKnownFileType = wrapper.framework; path = AssetsLibrary.framework; sourceTree = "<group>"; };
		3CF8C73621196BD2009923BE /* AlbumPicker.bundle */ = {isa = PBXFileReference; lastKnownFileType = "wrapper.plug-in"; path = AlbumPicker.bundle; sourceTree = "<group>"; };
		3CF8C73821197859009923BE /* HYNAssetPreviewViewController.h */ = {isa = PBXFileReference; lastKnownFileType = sourcecode.c.h; path = HYNAssetPreviewViewController.h; sourceTree = "<group>"; };
		3CF8C73921197859009923BE /* HYNAssetPreviewViewController.m */ = {isa = PBXFileReference; lastKnownFileType = sourcecode.c.objc; path = HYNAssetPreviewViewController.m; sourceTree = "<group>"; };
		3CF8C73C211997E3009923BE /* back_01@2x.png */ = {isa = PBXFileReference; lastKnownFileType = image.png; path = "back_01@2x.png"; sourceTree = "<group>"; };
		3CF8C73D211997E3009923BE /* more.png */ = {isa = PBXFileReference; lastKnownFileType = image.png; path = more.png; sourceTree = "<group>"; };
		3CF8C7402119994D009923BE /* select_04@2x.png */ = {isa = PBXFileReference; lastKnownFileType = image.png; path = "select_04@2x.png"; sourceTree = "<group>"; };
		3CF8C7412119994D009923BE /* table_UnSelect@2x.png */ = {isa = PBXFileReference; lastKnownFileType = image.png; path = "table_UnSelect@2x.png"; sourceTree = "<group>"; };
/* End PBXFileReference section */

/* Begin PBXFrameworksBuildPhase section */
		3CF8C6D0211937C3009923BE /* Frameworks */ = {
			isa = PBXFrameworksBuildPhase;
			buildActionMask = 2147483647;
			files = (
				3CF8C73221196991009923BE /* AssetsLibrary.framework in Frameworks */,
				3CF8C73521196AC2009923BE /* AssetsLibrary.framework in Frameworks */,
			);
			runOnlyForDeploymentPostprocessing = 0;
		};
		3CF8C6E8211937C6009923BE /* Frameworks */ = {
			isa = PBXFrameworksBuildPhase;
			buildActionMask = 2147483647;
			files = (
			);
			runOnlyForDeploymentPostprocessing = 0;
		};
		3CF8C6F3211937C6009923BE /* Frameworks */ = {
			isa = PBXFrameworksBuildPhase;
			buildActionMask = 2147483647;
			files = (
			);
			runOnlyForDeploymentPostprocessing = 0;
		};
/* End PBXFrameworksBuildPhase section */

/* Begin PBXGroup section */
		3CF8C6CA211937C3009923BE = {
			isa = PBXGroup;
			children = (
				3CF8C6D5211937C3009923BE /* HYNAlbumPicker */,
				3CF8C6EE211937C6009923BE /* HYNAlbumPickerTests */,
				3CF8C6F9211937C6009923BE /* HYNAlbumPickerUITests */,
				3CF8C6D4211937C3009923BE /* Products */,
				3CF8C73021196990009923BE /* Frameworks */,
			);
			sourceTree = "<group>";
		};
		3CF8C6D4211937C3009923BE /* Products */ = {
			isa = PBXGroup;
			children = (
				3CF8C6D3211937C3009923BE /* HYNAlbumPicker.app */,
				3CF8C6EB211937C6009923BE /* HYNAlbumPickerTests.xctest */,
				3CF8C6F6211937C6009923BE /* HYNAlbumPickerUITests.xctest */,
			);
			name = Products;
			sourceTree = "<group>";
		};
		3CF8C6D5211937C3009923BE /* HYNAlbumPicker */ = {
			isa = PBXGroup;
			children = (
				3CF8C73621196BD2009923BE /* AlbumPicker.bundle */,
				3CF8C73321196AC2009923BE /* Framework */,
				3CF8C73B211997E3009923BE /* Image */,
				3CF8C70821193920009923BE /* AlbumPicker */,
				3CF8C6D6211937C3009923BE /* AppDelegate.h */,
				3CF8C6D7211937C3009923BE /* AppDelegate.m */,
				3CF8C6D9211937C3009923BE /* ViewController.h */,
				3CF8C6DA211937C3009923BE /* ViewController.m */,
				3CF8C6DC211937C3009923BE /* Main.storyboard */,
				3CF8C6DF211937C6009923BE /* Assets.xcassets */,
				3CF8C6E1211937C6009923BE /* LaunchScreen.storyboard */,
				3CF8C6E4211937C6009923BE /* Info.plist */,
				3CF8C6E5211937C6009923BE /* main.m */,
			);
			path = HYNAlbumPicker;
			sourceTree = "<group>";
		};
		3CF8C6EE211937C6009923BE /* HYNAlbumPickerTests */ = {
			isa = PBXGroup;
			children = (
				3CF8C6EF211937C6009923BE /* HYNAlbumPickerTests.m */,
				3CF8C6F1211937C6009923BE /* Info.plist */,
			);
			path = HYNAlbumPickerTests;
			sourceTree = "<group>";
		};
		3CF8C6F9211937C6009923BE /* HYNAlbumPickerUITests */ = {
			isa = PBXGroup;
			children = (
				3CF8C6FA211937C6009923BE /* HYNAlbumPickerUITests.m */,
				3CF8C6FC211937C6009923BE /* Info.plist */,
			);
			path = HYNAlbumPickerUITests;
			sourceTree = "<group>";
		};
		3CF8C70821193920009923BE /* AlbumPicker */ = {
			isa = PBXGroup;
			children = (
				3CF8C70A21193920009923BE /* Model */,
				3CF8C70B21193920009923BE /* View */,
				3CF8C70921193920009923BE /* Controller */,
			);
			path = AlbumPicker;
			sourceTree = "<group>";
		};
		3CF8C70921193920009923BE /* Controller */ = {
			isa = PBXGroup;
			children = (
				3CF8C7242119489D009923BE /* HYNAlbumCatalogViewController.h */,
				3CF8C7252119489D009923BE /* HYNAlbumCatalogViewController.m */,
				3CF8C72A211948FF009923BE /* HYNAlbumPickerViewController.h */,
				3CF8C72B211948FF009923BE /* HYNAlbumPickerViewController.m */,
				3CF8C73821197859009923BE /* HYNAssetPreviewViewController.h */,
				3CF8C73921197859009923BE /* HYNAssetPreviewViewController.m */,
				3CF8C72D21194CC4009923BE /* HYNNavigationController.h */,
				3CF8C72E21194CC4009923BE /* HYNNavigationController.m */,
			);
			path = Controller;
			sourceTree = "<group>";
		};
		3CF8C70A21193920009923BE /* Model */ = {
			isa = PBXGroup;
			children = (
				3CF8C70C21194731009923BE /* HYNAlbum.h */,
				3CF8C70D21194731009923BE /* HYNAlbum.m */,
				3CF8C70F21194768009923BE /* HYNAlbumModel.h */,
				3CF8C71021194768009923BE /* HYNAlbumModel.m */,
				3CF8C71221194782009923BE /* HYNDelegateDataSource.h */,
				3CF8C71321194782009923BE /* HYNDelegateDataSource.m */,
			);
			path = Model;
			sourceTree = "<group>";
		};
		3CF8C70B21193920009923BE /* View */ = {
			isa = PBXGroup;
			children = (
				3CF8C727211948D1009923BE /* HYNAlbumCatalogCell.h */,
				3CF8C728211948D1009923BE /* HYNAlbumCatalogCell.m */,
				3CF8C71821194806009923BE /* HYNAlbumCell.h */,
				3CF8C71921194806009923BE /* HYNAlbumCell.m */,
				3CF8C71B21194827009923BE /* HYNAssetPreviewItem.h */,
				3CF8C71C21194827009923BE /* HYNAssetPreviewItem.m */,
				3CF8C71E21194847009923BE /* HYNAssetPreviewView.h */,
				3CF8C71F21194847009923BE /* HYNAssetPreviewView.m */,
				3CF8C72121194865009923BE /* HYNPickerButtomView.h */,
				3CF8C72221194865009923BE /* HYNPickerButtomView.m */,
			);
			path = View;
			sourceTree = "<group>";
		};
		3CF8C73021196990009923BE /* Frameworks */ = {
			isa = PBXGroup;
			children = (
				3CF8C73121196990009923BE /* AssetsLibrary.framework */,
			);
			name = Frameworks;
			sourceTree = "<group>";
		};
		3CF8C73321196AC2009923BE /* Framework */ = {
			isa = PBXGroup;
			children = (
				3CF8C73421196AC2009923BE /* AssetsLibrary.framework */,
			);
			path = Framework;
			sourceTree = "<group>";
		};
		3CF8C73B211997E3009923BE /* Image */ = {
			isa = PBXGroup;
			children = (
				3CF8C7402119994D009923BE /* select_04@2x.png */,
				3CF8C7412119994D009923BE /* table_UnSelect@2x.png */,
				3CF8C73C211997E3009923BE /* back_01@2x.png */,
				3CF8C73D211997E3009923BE /* more.png */,
			);
			path = Image;
			sourceTree = "<group>";
		};
/* End PBXGroup section */

/* Begin PBXNativeTarget section */
		3CF8C6D2211937C3009923BE /* HYNAlbumPicker */ = {
			isa = PBXNativeTarget;
			buildConfigurationList = 3CF8C6FF211937C6009923BE /* Build configuration list for PBXNativeTarget "HYNAlbumPicker" */;
			buildPhases = (
				3CF8C6CF211937C3009923BE /* Sources */,
				3CF8C6D0211937C3009923BE /* Frameworks */,
				3CF8C6D1211937C3009923BE /* Resources */,
			);
			buildRules = (
			);
			dependencies = (
			);
			name = HYNAlbumPicker;
			productName = HYNAlbumPicker;
			productReference = 3CF8C6D3211937C3009923BE /* HYNAlbumPicker.app */;
			productType = "com.apple.product-type.application";
		};
		3CF8C6EA211937C6009923BE /* HYNAlbumPickerTests */ = {
			isa = PBXNativeTarget;
			buildConfigurationList = 3CF8C702211937C6009923BE /* Build configuration list for PBXNativeTarget "HYNAlbumPickerTests" */;
			buildPhases = (
				3CF8C6E7211937C6009923BE /* Sources */,
				3CF8C6E8211937C6009923BE /* Frameworks */,
				3CF8C6E9211937C6009923BE /* Resources */,
			);
			buildRules = (
			);
			dependencies = (
				3CF8C6ED211937C6009923BE /* PBXTargetDependency */,
			);
			name = HYNAlbumPickerTests;
			productName = HYNAlbumPickerTests;
			productReference = 3CF8C6EB211937C6009923BE /* HYNAlbumPickerTests.xctest */;
			productType = "com.apple.product-type.bundle.unit-test";
		};
		3CF8C6F5211937C6009923BE /* HYNAlbumPickerUITests */ = {
			isa = PBXNativeTarget;
			buildConfigurationList = 3CF8C705211937C6009923BE /* Build configuration list for PBXNativeTarget "HYNAlbumPickerUITests" */;
			buildPhases = (
				3CF8C6F2211937C6009923BE /* Sources */,
				3CF8C6F3211937C6009923BE /* Frameworks */,
				3CF8C6F4211937C6009923BE /* Resources */,
			);
			buildRules = (
			);
			dependencies = (
				3CF8C6F8211937C6009923BE /* PBXTargetDependency */,
			);
			name = HYNAlbumPickerUITests;
			productName = HYNAlbumPickerUITests;
			productReference = 3CF8C6F6211937C6009923BE /* HYNAlbumPickerUITests.xctest */;
			productType = "com.apple.product-type.bundle.ui-testing";
		};
/* End PBXNativeTarget section */

/* Begin PBXProject section */
		3CF8C6CB211937C3009923BE /* Project object */ = {
			isa = PBXProject;
			attributes = {
				LastUpgradeCheck = 0940;
				ORGANIZATIONNAME = King;
				TargetAttributes = {
					3CF8C6D2211937C3009923BE = {
						CreatedOnToolsVersion = 9.4.1;
					};
					3CF8C6EA211937C6009923BE = {
						CreatedOnToolsVersion = 9.4.1;
						TestTargetID = 3CF8C6D2211937C3009923BE;
					};
					3CF8C6F5211937C6009923BE = {
						CreatedOnToolsVersion = 9.4.1;
						TestTargetID = 3CF8C6D2211937C3009923BE;
					};
				};
			};
			buildConfigurationList = 3CF8C6CE211937C3009923BE /* Build configuration list for PBXProject "HYNAlbumPicker" */;
			compatibilityVersion = "Xcode 9.3";
			developmentRegion = en;
			hasScannedForEncodings = 0;
			knownRegions = (
				en,
				Base,
			);
			mainGroup = 3CF8C6CA211937C3009923BE;
			productRefGroup = 3CF8C6D4211937C3009923BE /* Products */;
			projectDirPath = "";
			projectRoot = "";
			targets = (
				3CF8C6D2211937C3009923BE /* HYNAlbumPicker */,
				3CF8C6EA211937C6009923BE /* HYNAlbumPickerTests */,
				3CF8C6F5211937C6009923BE /* HYNAlbumPickerUITests */,
			);
		};
/* End PBXProject section */

/* Begin PBXResourcesBuildPhase section */
		3CF8C6D1211937C3009923BE /* Resources */ = {
			isa = PBXResourcesBuildPhase;
			buildActionMask = 2147483647;
			files = (
				3CF8C73E211997E3009923BE /* back_01@2x.png in Resources */,
				3CF8C6E3211937C6009923BE /* LaunchScreen.storyboard in Resources */,
				3CF8C73F211997E3009923BE /* more.png in Resources */,
				3CF8C73721196BD2009923BE /* AlbumPicker.bundle in Resources */,
				3CF8C7432119994D009923BE /* table_UnSelect@2x.png in Resources */,
				3CF8C6E0211937C6009923BE /* Assets.xcassets in Resources */,
				3CF8C6DE211937C3009923BE /* Main.storyboard in Resources */,
				3CF8C7422119994D009923BE /* select_04@2x.png in Resources */,
			);
			runOnlyForDeploymentPostprocessing = 0;
		};
		3CF8C6E9211937C6009923BE /* Resources */ = {
			isa = PBXResourcesBuildPhase;
			buildActionMask = 2147483647;
			files = (
			);
			runOnlyForDeploymentPostprocessing = 0;
		};
		3CF8C6F4211937C6009923BE /* Resources */ = {
			isa = PBXResourcesBuildPhase;
			buildActionMask = 2147483647;
			files = (
			);
			runOnlyForDeploymentPostprocessing = 0;
		};
/* End PBXResourcesBuildPhase section */

/* Begin PBXSourcesBuildPhase section */
		3CF8C6CF211937C3009923BE /* Sources */ = {
			isa = PBXSourcesBuildPhase;
			buildActionMask = 2147483647;
			files = (
				3CF8C7262119489D009923BE /* HYNAlbumCatalogViewController.m in Sources */,
				3CF8C6DB211937C3009923BE /* ViewController.m in Sources */,
				3CF8C71D21194827009923BE /* HYNAssetPreviewItem.m in Sources */,
				3CF8C71A21194806009923BE /* HYNAlbumCell.m in Sources */,
				3CF8C73A21197859009923BE /* HYNAssetPreviewViewController.m in Sources */,
				3CF8C71421194782009923BE /* HYNDelegateDataSource.m in Sources */,
				3CF8C72F21194CC4009923BE /* HYNNavigationController.m in Sources */,
				3CF8C70E21194731009923BE /* HYNAlbum.m in Sources */,
				3CF8C71121194768009923BE /* HYNAlbumModel.m in Sources */,
				3CF8C6E6211937C6009923BE /* main.m in Sources */,
				3CF8C72021194847009923BE /* HYNAssetPreviewView.m in Sources */,
				3CF8C6D8211937C3009923BE /* AppDelegate.m in Sources */,
				3CF8C72321194865009923BE /* HYNPickerButtomView.m in Sources */,
				3CF8C729211948D1009923BE /* HYNAlbumCatalogCell.m in Sources */,
				3CF8C72C211948FF009923BE /* HYNAlbumPickerViewController.m in Sources */,
			);
			runOnlyForDeploymentPostprocessing = 0;
		};
		3CF8C6E7211937C6009923BE /* Sources */ = {
			isa = PBXSourcesBuildPhase;
			buildActionMask = 2147483647;
			files = (
				3CF8C6F0211937C6009923BE /* HYNAlbumPickerTests.m in Sources */,
			);
			runOnlyForDeploymentPostprocessing = 0;
		};
		3CF8C6F2211937C6009923BE /* Sources */ = {
			isa = PBXSourcesBuildPhase;
			buildActionMask = 2147483647;
			files = (
				3CF8C6FB211937C6009923BE /* HYNAlbumPickerUITests.m in Sources */,
			);
			runOnlyForDeploymentPostprocessing = 0;
		};
/* End PBXSourcesBuildPhase section */

/* Begin PBXTargetDependency section */
		3CF8C6ED211937C6009923BE /* PBXTargetDependency */ = {
			isa = PBXTargetDependency;
			target = 3CF8C6D2211937C3009923BE /* HYNAlbumPicker */;
			targetProxy = 3CF8C6EC211937C6009923BE /* PBXContainerItemProxy */;
		};
		3CF8C6F8211937C6009923BE /* PBXTargetDependency */ = {
			isa = PBXTargetDependency;
			target = 3CF8C6D2211937C3009923BE /* HYNAlbumPicker */;
			targetProxy = 3CF8C6F7211937C6009923BE /* PBXContainerItemProxy */;
		};
/* End PBXTargetDependency section */

/* Begin PBXVariantGroup section */
		3CF8C6DC211937C3009923BE /* Main.storyboard */ = {
			isa = PBXVariantGroup;
			children = (
				3CF8C6DD211937C3009923BE /* Base */,
			);
			name = Main.storyboard;
			sourceTree = "<group>";
		};
		3CF8C6E1211937C6009923BE /* LaunchScreen.storyboard */ = {
			isa = PBXVariantGroup;
			children = (
				3CF8C6E2211937C6009923BE /* Base */,
			);
			name = LaunchScreen.storyboard;
			sourceTree = "<group>";
		};
/* End PBXVariantGroup section */

/* Begin XCBuildConfiguration section */
		3CF8C6FD211937C6009923BE /* Debug */ = {
			isa = XCBuildConfiguration;
			buildSettings = {
				ALWAYS_SEARCH_USER_PATHS = NO;
				CLANG_ANALYZER_NONNULL = YES;
				CLANG_ANALYZER_NUMBER_OBJECT_CONVERSION = YES_AGGRESSIVE;
				CLANG_CXX_LANGUAGE_STANDARD = "gnu++14";
				CLANG_CXX_LIBRARY = "libc++";
				CLANG_ENABLE_MODULES = YES;
				CLANG_ENABLE_OBJC_ARC = YES;
				CLANG_ENABLE_OBJC_WEAK = YES;
				CLANG_WARN_BLOCK_CAPTURE_AUTORELEASING = YES;
				CLANG_WARN_BOOL_CONVERSION = YES;
				CLANG_WARN_COMMA = YES;
				CLANG_WARN_CONSTANT_CONVERSION = YES;
				CLANG_WARN_DEPRECATED_OBJC_IMPLEMENTATIONS = YES;
				CLANG_WARN_DIRECT_OBJC_ISA_USAGE = YES_ERROR;
				CLANG_WARN_DOCUMENTATION_COMMENTS = YES;
				CLANG_WARN_EMPTY_BODY = YES;
				CLANG_WARN_ENUM_CONVERSION = YES;
				CLANG_WARN_INFINITE_RECURSION = YES;
				CLANG_WARN_INT_CONVERSION = YES;
				CLANG_WARN_NON_LITERAL_NULL_CONVERSION = YES;
				CLANG_WARN_OBJC_IMPLICIT_RETAIN_SELF = YES;
				CLANG_WARN_OBJC_LITERAL_CONVERSION = YES;
				CLANG_WARN_OBJC_ROOT_CLASS = YES_ERROR;
				CLANG_WARN_RANGE_LOOP_ANALYSIS = YES;
				CLANG_WARN_STRICT_PROTOTYPES = YES;
				CLANG_WARN_SUSPICIOUS_MOVE = YES;
				CLANG_WARN_UNGUARDED_AVAILABILITY = YES_AGGRESSIVE;
				CLANG_WARN_UNREACHABLE_CODE = YES;
				CLANG_WARN__DUPLICATE_METHOD_MATCH = YES;
				CODE_SIGN_IDENTITY = "iPhone Developer";
				COPY_PHASE_STRIP = NO;
				DEBUG_INFORMATION_FORMAT = dwarf;
				ENABLE_STRICT_OBJC_MSGSEND = YES;
				ENABLE_TESTABILITY = YES;
				GCC_C_LANGUAGE_STANDARD = gnu11;
				GCC_DYNAMIC_NO_PIC = NO;
				GCC_NO_COMMON_BLOCKS = YES;
				GCC_OPTIMIZATION_LEVEL = 0;
				GCC_PREPROCESSOR_DEFINITIONS = (
					"DEBUG=1",
					"$(inherited)",
				);
				GCC_WARN_64_TO_32_BIT_CONVERSION = YES;
				GCC_WARN_ABOUT_RETURN_TYPE = YES_ERROR;
				GCC_WARN_UNDECLARED_SELECTOR = YES;
				GCC_WARN_UNINITIALIZED_AUTOS = YES_AGGRESSIVE;
				GCC_WARN_UNUSED_FUNCTION = YES;
				GCC_WARN_UNUSED_VARIABLE = YES;
				IPHONEOS_DEPLOYMENT_TARGET = 11.4;
				MTL_ENABLE_DEBUG_INFO = YES;
				ONLY_ACTIVE_ARCH = YES;
				SDKROOT = iphoneos;
			};
			name = Debug;
		};
		3CF8C6FE211937C6009923BE /* Release */ = {
			isa = XCBuildConfiguration;
			buildSettings = {
				ALWAYS_SEARCH_USER_PATHS = NO;
				CLANG_ANALYZER_NONNULL = YES;
				CLANG_ANALYZER_NUMBER_OBJECT_CONVERSION = YES_AGGRESSIVE;
				CLANG_CXX_LANGUAGE_STANDARD = "gnu++14";
				CLANG_CXX_LIBRARY = "libc++";
				CLANG_ENABLE_MODULES = YES;
				CLANG_ENABLE_OBJC_ARC = YES;
				CLANG_ENABLE_OBJC_WEAK = YES;
				CLANG_WARN_BLOCK_CAPTURE_AUTORELEASING = YES;
				CLANG_WARN_BOOL_CONVERSION = YES;
				CLANG_WARN_COMMA = YES;
				CLANG_WARN_CONSTANT_CONVERSION = YES;
				CLANG_WARN_DEPRECATED_OBJC_IMPLEMENTATIONS = YES;
				CLANG_WARN_DIRECT_OBJC_ISA_USAGE = YES_ERROR;
				CLANG_WARN_DOCUMENTATION_COMMENTS = YES;
				CLANG_WARN_EMPTY_BODY = YES;
				CLANG_WARN_ENUM_CONVERSION = YES;
				CLANG_WARN_INFINITE_RECURSION = YES;
				CLANG_WARN_INT_CONVERSION = YES;
				CLANG_WARN_NON_LITERAL_NULL_CONVERSION = YES;
				CLANG_WARN_OBJC_IMPLICIT_RETAIN_SELF = YES;
				CLANG_WARN_OBJC_LITERAL_CONVERSION = YES;
				CLANG_WARN_OBJC_ROOT_CLASS = YES_ERROR;
				CLANG_WARN_RANGE_LOOP_ANALYSIS = YES;
				CLANG_WARN_STRICT_PROTOTYPES = YES;
				CLANG_WARN_SUSPICIOUS_MOVE = YES;
				CLANG_WARN_UNGUARDED_AVAILABILITY = YES_AGGRESSIVE;
				CLANG_WARN_UNREACHABLE_CODE = YES;
				CLANG_WARN__DUPLICATE_METHOD_MATCH = YES;
				CODE_SIGN_IDENTITY = "iPhone Developer";
				COPY_PHASE_STRIP = NO;
				DEBUG_INFORMATION_FORMAT = "dwarf-with-dsym";
				ENABLE_NS_ASSERTIONS = NO;
				ENABLE_STRICT_OBJC_MSGSEND = YES;
				GCC_C_LANGUAGE_STANDARD = gnu11;
				GCC_NO_COMMON_BLOCKS = YES;
				GCC_WARN_64_TO_32_BIT_CONVERSION = YES;
				GCC_WARN_ABOUT_RETURN_TYPE = YES_ERROR;
				GCC_WARN_UNDECLARED_SELECTOR = YES;
				GCC_WARN_UNINITIALIZED_AUTOS = YES_AGGRESSIVE;
				GCC_WARN_UNUSED_FUNCTION = YES;
				GCC_WARN_UNUSED_VARIABLE = YES;
				IPHONEOS_DEPLOYMENT_TARGET = 11.4;
				MTL_ENABLE_DEBUG_INFO = NO;
				SDKROOT = iphoneos;
				VALIDATE_PRODUCT = YES;
			};
			name = Release;
		};
		3CF8C700211937C6009923BE /* Debug */ = {
			isa = XCBuildConfiguration;
			buildSettings = {
				ASSETCATALOG_COMPILER_APPICON_NAME = AppIcon;
				CODE_SIGN_STYLE = Manual;
				DEVELOPMENT_TEAM = P4W25RQ3FC;
				FRAMEWORK_SEARCH_PATHS = (
					"$(inherited)",
					"$(PROJECT_DIR)/HYNAlbumPicker/Framework",
				);
				INFOPLIST_FILE = HYNAlbumPicker/Info.plist;
				LD_RUNPATH_SEARCH_PATHS = (
					"$(inherited)",
					"@executable_path/Frameworks",
				);
				PRODUCT_BUNDLE_IDENTIFIER = com.smarthome.apns;
				PRODUCT_NAME = "$(TARGET_NAME)";
				PROVISIONING_PROFILE = "1efa54fb-0122-4019-a64f-f83e869feb0a";
				PROVISIONING_PROFILE_SPECIFIER = SmartHome_Dev;
				TARGETED_DEVICE_FAMILY = "1,2";
			};
			name = Debug;
		};
		3CF8C701211937C6009923BE /* Release */ = {
			isa = XCBuildConfiguration;
			buildSettings = {
				ASSETCATALOG_COMPILER_APPICON_NAME = AppIcon;
				CODE_SIGN_STYLE = Manual;
				DEVELOPMENT_TEAM = P4W25RQ3FC;
				FRAMEWORK_SEARCH_PATHS = (
					"$(inherited)",
					"$(PROJECT_DIR)/HYNAlbumPicker/Framework",
				);
				INFOPLIST_FILE = HYNAlbumPicker/Info.plist;
				LD_RUNPATH_SEARCH_PATHS = (
					"$(inherited)",
					"@executable_path/Frameworks",
				);
				PRODUCT_BUNDLE_IDENTIFIER = com.smarthome.apns;
				PRODUCT_NAME = "$(TARGET_NAME)";
				PROVISIONING_PROFILE = "1efa54fb-0122-4019-a64f-f83e869feb0a";
				PROVISIONING_PROFILE_SPECIFIER = SmartHome_Dev;
				TARGETED_DEVICE_FAMILY = "1,2";
			};
			name = Release;
		};
		3CF8C703211937C6009923BE /* Debug */ = {
			isa = XCBuildConfiguration;
			buildSettings = {
				BUNDLE_LOADER = "$(TEST_HOST)";
				CODE_SIGN_STYLE = Automatic;
				INFOPLIST_FILE = HYNAlbumPickerTests/Info.plist;
				LD_RUNPATH_SEARCH_PATHS = (
					"$(inherited)",
					"@executable_path/Frameworks",
					"@loader_path/Frameworks",
				);
				PRODUCT_BUNDLE_IDENTIFIER = hyn.cn.HYNAlbumPickerTests;
				PRODUCT_NAME = "$(TARGET_NAME)";
				TARGETED_DEVICE_FAMILY = "1,2";
				TEST_HOST = "$(BUILT_PRODUCTS_DIR)/HYNAlbumPicker.app/HYNAlbumPicker";
			};
			name = Debug;
		};
		3CF8C704211937C6009923BE /* Release */ = {
			isa = XCBuildConfiguration;
			buildSettings = {
				BUNDLE_LOADER = "$(TEST_HOST)";
				CODE_SIGN_STYLE = Automatic;
				INFOPLIST_FILE = HYNAlbumPickerTests/Info.plist;
				LD_RUNPATH_SEARCH_PATHS = (
					"$(inherited)",
					"@executable_path/Frameworks",
					"@loader_path/Frameworks",
				);
				PRODUCT_BUNDLE_IDENTIFIER = hyn.cn.HYNAlbumPickerTests;
				PRODUCT_NAME = "$(TARGET_NAME)";
				TARGETED_DEVICE_FAMILY = "1,2";
				TEST_HOST = "$(BUILT_PRODUCTS_DIR)/HYNAlbumPicker.app/HYNAlbumPicker";
			};
			name = Release;
		};
		3CF8C706211937C6009923BE /* Debug */ = {
			isa = XCBuildConfiguration;
			buildSettings = {
				CODE_SIGN_STYLE = Automatic;
				INFOPLIST_FILE = HYNAlbumPickerUITests/Info.plist;
				LD_RUNPATH_SEARCH_PATHS = (
					"$(inherited)",
					"@executable_path/Frameworks",
					"@loader_path/Frameworks",
				);
				PRODUCT_BUNDLE_IDENTIFIER = hyn.cn.HYNAlbumPickerUITests;
				PRODUCT_NAME = "$(TARGET_NAME)";
				TARGETED_DEVICE_FAMILY = "1,2";
				TEST_TARGET_NAME = HYNAlbumPicker;
			};
			name = Debug;
		};
		3CF8C707211937C6009923BE /* Release */ = {
			isa = XCBuildConfiguration;
			buildSettings = {
				CODE_SIGN_STYLE = Automatic;
				INFOPLIST_FILE = HYNAlbumPickerUITests/Info.plist;
				LD_RUNPATH_SEARCH_PATHS = (
					"$(inherited)",
					"@executable_path/Frameworks",
					"@loader_path/Frameworks",
				);
				PRODUCT_BUNDLE_IDENTIFIER = hyn.cn.HYNAlbumPickerUITests;
				PRODUCT_NAME = "$(TARGET_NAME)";
				TARGETED_DEVICE_FAMILY = "1,2";
				TEST_TARGET_NAME = HYNAlbumPicker;
			};
			name = Release;
		};
/* End XCBuildConfiguration section */

/* Begin XCConfigurationList section */
		3CF8C6CE211937C3009923BE /* Build configuration list for PBXProject "HYNAlbumPicker" */ = {
			isa = XCConfigurationList;
			buildConfigurations = (
				3CF8C6FD211937C6009923BE /* Debug */,
				3CF8C6FE211937C6009923BE /* Release */,
			);
			defaultConfigurationIsVisible = 0;
			defaultConfigurationName = Release;
		};
		3CF8C6FF211937C6009923BE /* Build configuration list for PBXNativeTarget "HYNAlbumPicker" */ = {
			isa = XCConfigurationList;
			buildConfigurations = (
				3CF8C700211937C6009923BE /* Debug */,
				3CF8C701211937C6009923BE /* Release */,
			);
			defaultConfigurationIsVisible = 0;
			defaultConfigurationName = Release;
		};
		3CF8C702211937C6009923BE /* Build configuration list for PBXNativeTarget "HYNAlbumPickerTests" */ = {
			isa = XCConfigurationList;
			buildConfigurations = (
				3CF8C703211937C6009923BE /* Debug */,
				3CF8C704211937C6009923BE /* Release */,
			);
			defaultConfigurationIsVisible = 0;
			defaultConfigurationName = Release;
		};
		3CF8C705211937C6009923BE /* Build configuration list for PBXNativeTarget "HYNAlbumPickerUITests" */ = {
			isa = XCConfigurationList;
			buildConfigurations = (
				3CF8C706211937C6009923BE /* Debug */,
				3CF8C707211937C6009923BE /* Release */,
			);
			defaultConfigurationIsVisible = 0;
			defaultConfigurationName = Release;
		};
/* End XCConfigurationList section */
	};
	rootObject = 3CF8C6CB211937C3009923BE /* Project object */;
}
